
Microsoft Visual Studio Solution File, Format Version 12.00
# Visual Studio Version 17
VisualStudioVersion = 17.4.33213.308
MinimumVisualStudioVersion = 10.0.40219.1
Project("{FAE04EC0-301F-11D3-BF4B-00C04F79EFBC}") = "CSCI312_LukeDuell_QueueAssignment", "CSCI312_LukeDuell_QueueAssignment\CSCI312_LukeDuell_QueueAssignment.csproj", "{4D421E63-1F39-459A-AF2B-98CBC12A680F}"
EndProject
Global
	GlobalSection(SolutionConfigurationPlatforms) = preSolution
		Debug|Any CPU = Debug|Any CPU
		Release|Any CPU = Release|Any CPU
	EndGlobalSection
	GlobalSection(ProjectConfigurationPlatforms) = postSolution
		{4D421E63-1F39-459A-AF2B-98CBC12A680F}.Debug|Any CPU.ActiveCfg = Debug|Any CPU
		{4D421E63-1F39-459A-AF2B-98CBC12A680F}.Debug|Any CPU.Build.0 = Debug|Any CPU
		{4D421E63-1F39-459A-AF2B-98CBC12A680F}.Release|Any CPU.ActiveCfg = Release|Any CPU
		{4D421E63-1F39-459A-AF2B-98CBC12A680F}.Release|Any CPU.Build.0 = Release|Any CPU
	EndGlobalSection
	GlobalSection(SolutionProperties) = preSolution
		HideSolutionNode = FALSE
	EndGlobalSection
	GlobalSection(ExtensibilityGlobals) = postSolution
		SolutionGuid = {A44D11C0-2505-4053-B656-7AE302DD3476}
	EndGlobalSection
EndGlobal
